
Microsoft Visual Studio Solution File, Format Version 12.00
# Visual Studio Version 17
VisualStudioVersion = 17.0.31903.59
MinimumVisualStudioVersion = 10.0.40219.1
Project("{9A19103F-16F7-4668-BE54-9A1E7A4F7556}") = "CountryInfoApp", "CountryInfoApp\CountryInfoApp.csproj", "{32D2D8BC-DE7D-48B2-843F-F7953E3A578F}"
EndProject
Project("{9A19103F-16F7-4668-BE54-9A1E7A4F7556}") = "CountryInfoApp.Shared", "Shared\CountryInfoApp.Shared.csproj", "{9F348C6A-FF6E-4746-8D39-AA4CBB54E9C3}"
EndProject
Global
	GlobalSection(SolutionConfigurationPlatforms) = preSolution
		Debug|Any CPU = Debug|Any CPU
		Release|Any CPU = Release|Any CPU
	EndGlobalSection
	GlobalSection(ProjectConfigurationPlatforms) = postSolution
		{32D2D8BC-DE7D-48B2-843F-F7953E3A578F}.Debug|Any CPU.ActiveCfg = Debug|Any CPU
		{32D2D8BC-DE7D-48B2-843F-F7953E3A578F}.Debug|Any CPU.Build.0 = Debug|Any CPU
		{32D2D8BC-DE7D-48B2-843F-F7953E3A578F}.Release|Any CPU.ActiveCfg = Release|Any CPU
		{32D2D8BC-DE7D-48B2-843F-F7953E3A578F}.Release|Any CPU.Build.0 = Release|Any CPU
		{9F348C6A-FF6E-4746-8D39-AA4CBB54E9C3}.Debug|Any CPU.ActiveCfg = Debug|Any CPU
		{9F348C6A-FF6E-4746-8D39-AA4CBB54E9C3}.Debug|Any CPU.Build.0 = Debug|Any CPU
		{9F348C6A-FF6E-4746-8D39-AA4CBB54E9C3}.Release|Any CPU.ActiveCfg = Release|Any CPU
		{9F348C6A-FF6E-4746-8D39-AA4CBB54E9C3}.Release|Any CPU.Build.0 = Release|Any CPU
	EndGlobalSection
	GlobalSection(SolutionProperties) = preSolution
		HideSolutionNode = FALSE
	EndGlobalSection
EndGlobal
